
Microsoft Visual Studio Solution File, Format Version 12.00
# Visual Studio Version 17
VisualStudioVersion = 17.14.36408.4 d17.14
MinimumVisualStudioVersion = 10.0.40219.1
Project("{FAE04EC0-301F-11D3-BF4B-00C04F79EFBC}") = "FulfillmentTestXmlGenerator", "FulfillmentTestXmlGenerator.csproj", "{1E2ABA26-F3B4-47CB-B7D0-98BD74607A57}"
EndProject
Global
	GlobalSection(SolutionConfigurationPlatforms) = preSolution
		Debug|Any CPU = Debug|Any CPU
		Release|Any CPU = Release|Any CPU
	EndGlobalSection
	GlobalSection(ProjectConfigurationPlatforms) = postSolution
		{1E2ABA26-F3B4-47CB-B7D0-98BD74607A57}.Debug|Any CPU.ActiveCfg = Debug|Any CPU
		{1E2ABA26-F3B4-47CB-B7D0-98BD74607A57}.Debug|Any CPU.Build.0 = Debug|Any CPU
		{1E2ABA26-F3B4-47CB-B7D0-98BD74607A57}.Release|Any CPU.ActiveCfg = Release|Any CPU
		{1E2ABA26-F3B4-47CB-B7D0-98BD74607A57}.Release|Any CPU.Build.0 = Release|Any CPU
	EndGlobalSection
	GlobalSection(SolutionProperties) = preSolution
		HideSolutionNode = FALSE
	EndGlobalSection
	GlobalSection(ExtensibilityGlobals) = postSolution
		SolutionGuid = {336EF8B8-76E0-4E26-8AEC-4ED9FA04E23E}
	EndGlobalSection
EndGlobal
